
Microsoft Visual Studio Solution File, Format Version 12.00
# Visual Studio Version 16
VisualStudioVersion = 16.0.29215.179
MinimumVisualStudioVersion = 10.0.40219.1
Project("{FAE04EC0-301F-11D3-BF4B-00C04F79EFBC}") = "GameSimulation", "GameSimulation\GameSimulation.csproj", "{52358628-520D-4699-9A63-14505EA45A8D}"
EndProject
Project("{2150E333-8FDC-42A3-9474-1A3956D46DE8}") = "Core", "Core", "{174638AA-BD45-493F-91AF-A384B3032D54}"
EndProject
Project("{FAE04EC0-301F-11D3-BF4B-00C04F79EFBC}") = "Simulation.Core", "..\..\Core\Simulation.Core\Simulation.Core.csproj", "{2606650C-54DD-4986-B1A8-1F0D57016B98}"
EndProject
Project("{FAE04EC0-301F-11D3-BF4B-00C04F79EFBC}") = "GameSimulation.App", "GameSimulation.App\GameSimulation.App.csproj", "{8B4D962E-FFCD-474E-8BD7-C453F97C1954}"
EndProject
Global
	GlobalSection(SolutionConfigurationPlatforms) = preSolution
		Debug|Any CPU = Debug|Any CPU
		Release|Any CPU = Release|Any CPU
	EndGlobalSection
	GlobalSection(ProjectConfigurationPlatforms) = postSolution
		{52358628-520D-4699-9A63-14505EA45A8D}.Debug|Any CPU.ActiveCfg = Debug|Any CPU
		{52358628-520D-4699-9A63-14505EA45A8D}.Debug|Any CPU.Build.0 = Debug|Any CPU
		{52358628-520D-4699-9A63-14505EA45A8D}.Release|Any CPU.ActiveCfg = Release|Any CPU
		{52358628-520D-4699-9A63-14505EA45A8D}.Release|Any CPU.Build.0 = Release|Any CPU
		{2606650C-54DD-4986-B1A8-1F0D57016B98}.Debug|Any CPU.ActiveCfg = Debug|Any CPU
		{2606650C-54DD-4986-B1A8-1F0D57016B98}.Debug|Any CPU.Build.0 = Debug|Any CPU
		{2606650C-54DD-4986-B1A8-1F0D57016B98}.Release|Any CPU.ActiveCfg = Release|Any CPU
		{2606650C-54DD-4986-B1A8-1F0D57016B98}.Release|Any CPU.Build.0 = Release|Any CPU
		{8B4D962E-FFCD-474E-8BD7-C453F97C1954}.Debug|Any CPU.ActiveCfg = Debug|Any CPU
		{8B4D962E-FFCD-474E-8BD7-C453F97C1954}.Debug|Any CPU.Build.0 = Debug|Any CPU
		{8B4D962E-FFCD-474E-8BD7-C453F97C1954}.Release|Any CPU.ActiveCfg = Release|Any CPU
		{8B4D962E-FFCD-474E-8BD7-C453F97C1954}.Release|Any CPU.Build.0 = Release|Any CPU
	EndGlobalSection
	GlobalSection(SolutionProperties) = preSolution
		HideSolutionNode = FALSE
	EndGlobalSection
	GlobalSection(NestedProjects) = preSolution
		{2606650C-54DD-4986-B1A8-1F0D57016B98} = {174638AA-BD45-493F-91AF-A384B3032D54}
	EndGlobalSection
	GlobalSection(ExtensibilityGlobals) = postSolution
		SolutionGuid = {D1E3136B-B3A0-4756-BD5C-016664534F4F}
	EndGlobalSection
EndGlobal
