
Microsoft Visual Studio Solution File, Format Version 12.00
# Visual Studio 15
VisualStudioVersion = 15.0.27130.2010
MinimumVisualStudioVersion = 10.0.40219.1
Project("{FAE04EC0-301F-11D3-BF4B-00C04F79EFBC}") = "Queens", "Queens\Queens.csproj", "{6551B0C8-827D-4913-B6A7-26CE8F6C9C25}"
EndProject
Project("{FAE04EC0-301F-11D3-BF4B-00C04F79EFBC}") = "Simulation.Core", "..\Core\Simulation.Core\Simulation.Core.csproj", "{2606650C-54DD-4986-B1A8-1F0D57016B98}"
EndProject
Global
	GlobalSection(SolutionConfigurationPlatforms) = preSolution
		Debug|Any CPU = Debug|Any CPU
		Release|Any CPU = Release|Any CPU
	EndGlobalSection
	GlobalSection(ProjectConfigurationPlatforms) = postSolution
		{6551B0C8-827D-4913-B6A7-26CE8F6C9C25}.Debug|Any CPU.ActiveCfg = Debug|Any CPU
		{6551B0C8-827D-4913-B6A7-26CE8F6C9C25}.Debug|Any CPU.Build.0 = Debug|Any CPU
		{6551B0C8-827D-4913-B6A7-26CE8F6C9C25}.Release|Any CPU.ActiveCfg = Release|Any CPU
		{6551B0C8-827D-4913-B6A7-26CE8F6C9C25}.Release|Any CPU.Build.0 = Release|Any CPU
		{2606650C-54DD-4986-B1A8-1F0D57016B98}.Debug|Any CPU.ActiveCfg = Debug|Any CPU
		{2606650C-54DD-4986-B1A8-1F0D57016B98}.Debug|Any CPU.Build.0 = Debug|Any CPU
		{2606650C-54DD-4986-B1A8-1F0D57016B98}.Release|Any CPU.ActiveCfg = Release|Any CPU
		{2606650C-54DD-4986-B1A8-1F0D57016B98}.Release|Any CPU.Build.0 = Release|Any CPU
	EndGlobalSection
	GlobalSection(SolutionProperties) = preSolution
		HideSolutionNode = FALSE
	EndGlobalSection
	GlobalSection(ExtensibilityGlobals) = postSolution
		SolutionGuid = {882FD587-0DF5-4384-87B4-CD0B2B440D9F}
	EndGlobalSection
EndGlobal
